
Microsoft Visual Studio Solution File, Format Version 12.00
# Visual Studio 15
VisualStudioVersion = 15.0.27130.2036
MinimumVisualStudioVersion = 10.0.40219.1
Project("{FAE04EC0-301F-11D3-BF4B-00C04F79EFBC}") = "TddTotalAmount", "TddTotalAmount\TddTotalAmount.csproj", "{B1E43D6E-8DE6-42B8-83CC-CF52F86468FB}"
EndProject
Global
	GlobalSection(SolutionConfigurationPlatforms) = preSolution
		Debug|Any CPU = Debug|Any CPU
		Release|Any CPU = Release|Any CPU
	EndGlobalSection
	GlobalSection(ProjectConfigurationPlatforms) = postSolution
		{B1E43D6E-8DE6-42B8-83CC-CF52F86468FB}.Debug|Any CPU.ActiveCfg = Debug|Any CPU
		{B1E43D6E-8DE6-42B8-83CC-CF52F86468FB}.Debug|Any CPU.Build.0 = Debug|Any CPU
		{B1E43D6E-8DE6-42B8-83CC-CF52F86468FB}.Release|Any CPU.ActiveCfg = Release|Any CPU
		{B1E43D6E-8DE6-42B8-83CC-CF52F86468FB}.Release|Any CPU.Build.0 = Release|Any CPU
	EndGlobalSection
	GlobalSection(SolutionProperties) = preSolution
		HideSolutionNode = FALSE
	EndGlobalSection
	GlobalSection(ExtensibilityGlobals) = postSolution
		SolutionGuid = {5B77D4A8-C761-426F-9A37-38BC815C5EC3}
	EndGlobalSection
EndGlobal
